
Microsoft Visual Studio Solution File, Format Version 11.00
# Visual Studio 2010
Project("{FAE04EC0-301F-11D3-BF4B-00C04F79EFBC}") = "Example", "Assembly-CSharp.csproj", "{CC8ECD15-D248-3044-CBD9-85E15547FD38}"
EndProject
Project("{FAE04EC0-301F-11D3-BF4B-00C04F79EFBC}") = "Example", "Assembly-CSharp-Editor.csproj", "{47F7A62B-E44B-BB7B-DAEB-F979FFA25F6B}"
EndProject
Global
	GlobalSection(SolutionConfigurationPlatforms) = preSolution
		Debug|Any CPU = Debug|Any CPU
		Release|Any CPU = Release|Any CPU
	EndGlobalSection
	GlobalSection(ProjectConfigurationPlatforms) = postSolution
		{CC8ECD15-D248-3044-CBD9-85E15547FD38}.Debug|Any CPU.ActiveCfg = Debug|Any CPU
		{CC8ECD15-D248-3044-CBD9-85E15547FD38}.Debug|Any CPU.Build.0 = Debug|Any CPU
		{CC8ECD15-D248-3044-CBD9-85E15547FD38}.Release|Any CPU.ActiveCfg = Release|Any CPU
		{CC8ECD15-D248-3044-CBD9-85E15547FD38}.Release|Any CPU.Build.0 = Release|Any CPU
		{47F7A62B-E44B-BB7B-DAEB-F979FFA25F6B}.Debug|Any CPU.ActiveCfg = Debug|Any CPU
		{47F7A62B-E44B-BB7B-DAEB-F979FFA25F6B}.Debug|Any CPU.Build.0 = Debug|Any CPU
		{47F7A62B-E44B-BB7B-DAEB-F979FFA25F6B}.Release|Any CPU.ActiveCfg = Release|Any CPU
		{47F7A62B-E44B-BB7B-DAEB-F979FFA25F6B}.Release|Any CPU.Build.0 = Release|Any CPU
	EndGlobalSection
	GlobalSection(SolutionProperties) = preSolution
		HideSolutionNode = FALSE
	EndGlobalSection
	GlobalSection(MonoDevelopProperties) = preSolution
		StartupItem = Assembly-CSharp.csproj
	EndGlobalSection
EndGlobal
